
Microsoft Visual Studio Solution File, Format Version 12.00
# Visual Studio Version 17
VisualStudioVersion = 17.12.35521.163 d17.12
MinimumVisualStudioVersion = 10.0.40219.1
Project("{FAE04EC0-301F-11D3-BF4B-00C04F79EFBC}") = "Tinker", "Tinker\Tinker.csproj", "{8003F6FC-ED4A-4307-80C4-A4C159CA996E}"
EndProject
Project("{FAE04EC0-301F-11D3-BF4B-00C04F79EFBC}") = "Tinker.Client", "Tinker.Client\Tinker.Client.csproj", "{52B068DB-E0CD-46F4-9D28-78A66C922575}"
EndProject
Global
	GlobalSection(SolutionConfigurationPlatforms) = preSolution
		Debug|Any CPU = Debug|Any CPU
		Release|Any CPU = Release|Any CPU
	EndGlobalSection
	GlobalSection(ProjectConfigurationPlatforms) = postSolution
		{8003F6FC-ED4A-4307-80C4-A4C159CA996E}.Debug|Any CPU.ActiveCfg = Debug|Any CPU
		{8003F6FC-ED4A-4307-80C4-A4C159CA996E}.Debug|Any CPU.Build.0 = Debug|Any CPU
		{8003F6FC-ED4A-4307-80C4-A4C159CA996E}.Release|Any CPU.ActiveCfg = Release|Any CPU
		{8003F6FC-ED4A-4307-80C4-A4C159CA996E}.Release|Any CPU.Build.0 = Release|Any CPU
		{52B068DB-E0CD-46F4-9D28-78A66C922575}.Debug|Any CPU.ActiveCfg = Debug|Any CPU
		{52B068DB-E0CD-46F4-9D28-78A66C922575}.Debug|Any CPU.Build.0 = Debug|Any CPU
		{52B068DB-E0CD-46F4-9D28-78A66C922575}.Release|Any CPU.ActiveCfg = Release|Any CPU
		{52B068DB-E0CD-46F4-9D28-78A66C922575}.Release|Any CPU.Build.0 = Release|Any CPU
	EndGlobalSection
	GlobalSection(SolutionProperties) = preSolution
		HideSolutionNode = FALSE
	EndGlobalSection
EndGlobal
